
Microsoft Visual Studio Solution File, Format Version 12.00
# Visual Studio Version 16
VisualStudioVersion = 16.0.810.8
MinimumVisualStudioVersion = 10.0.40219.1
Project("{FAE04EC0-301F-11D3-BF4B-00C04F79EFBC}") = "CovidHelper", "CovidHelper\CovidHelper.csproj", "{247E3C83-FB1C-413A-B256-EE0F482FCD78}"
EndProject
Global
	GlobalSection(SolutionConfigurationPlatforms) = preSolution
		Debug|Any CPU = Debug|Any CPU
		Release|Any CPU = Release|Any CPU
	EndGlobalSection
	GlobalSection(ProjectConfigurationPlatforms) = postSolution
		{247E3C83-FB1C-413A-B256-EE0F482FCD78}.Debug|Any CPU.ActiveCfg = Debug|Any CPU
		{247E3C83-FB1C-413A-B256-EE0F482FCD78}.Debug|Any CPU.Build.0 = Debug|Any CPU
		{247E3C83-FB1C-413A-B256-EE0F482FCD78}.Release|Any CPU.ActiveCfg = Release|Any CPU
		{247E3C83-FB1C-413A-B256-EE0F482FCD78}.Release|Any CPU.Build.0 = Release|Any CPU
	EndGlobalSection
	GlobalSection(SolutionProperties) = preSolution
		HideSolutionNode = FALSE
	EndGlobalSection
	GlobalSection(ExtensibilityGlobals) = postSolution
		SolutionGuid = {F3F01B16-E856-424F-8D8B-3DE7161E6AE0}
	EndGlobalSection
EndGlobal
